
Microsoft Visual Studio Solution File, Format Version 12.00
# Visual Studio Version 17
VisualStudioVersion = 17.7.34202.233
MinimumVisualStudioVersion = 10.0.40219.1
Project("{9A19103F-16F7-4668-BE54-9A1E7A4F7556}") = "UnitOfWorkDemo1", "UnitOfWorkDemo1.csproj", "{F1E44B20-FFE6-4CFD-9713-6B4FDB4084EE}"
EndProject
Project("{9A19103F-16F7-4668-BE54-9A1E7A4F7556}") = "kzy-entities", "..\kzy-entities\kzy-entities.csproj", "{B22FCC01-A602-40C9-B4C7-524A77DBC89B}"
EndProject
Global
	GlobalSection(SolutionConfigurationPlatforms) = preSolution
		Debug|Any CPU = Debug|Any CPU
		Release|Any CPU = Release|Any CPU
	EndGlobalSection
	GlobalSection(ProjectConfigurationPlatforms) = postSolution
		{F1E44B20-FFE6-4CFD-9713-6B4FDB4084EE}.Debug|Any CPU.ActiveCfg = Debug|Any CPU
		{F1E44B20-FFE6-4CFD-9713-6B4FDB4084EE}.Debug|Any CPU.Build.0 = Debug|Any CPU
		{F1E44B20-FFE6-4CFD-9713-6B4FDB4084EE}.Release|Any CPU.ActiveCfg = Release|Any CPU
		{F1E44B20-FFE6-4CFD-9713-6B4FDB4084EE}.Release|Any CPU.Build.0 = Release|Any CPU
		{B22FCC01-A602-40C9-B4C7-524A77DBC89B}.Debug|Any CPU.ActiveCfg = Debug|Any CPU
		{B22FCC01-A602-40C9-B4C7-524A77DBC89B}.Debug|Any CPU.Build.0 = Debug|Any CPU
		{B22FCC01-A602-40C9-B4C7-524A77DBC89B}.Release|Any CPU.ActiveCfg = Release|Any CPU
		{B22FCC01-A602-40C9-B4C7-524A77DBC89B}.Release|Any CPU.Build.0 = Release|Any CPU
	EndGlobalSection
	GlobalSection(SolutionProperties) = preSolution
		HideSolutionNode = FALSE
	EndGlobalSection
	GlobalSection(ExtensibilityGlobals) = postSolution
		SolutionGuid = {8C43B5C8-6A37-499D-AD22-A680904FCFB2}
	EndGlobalSection
EndGlobal
